
Microsoft Visual Studio Solution File, Format Version 12.00
# Visual Studio Version 16
VisualStudioVersion = 16.0.29613.14
MinimumVisualStudioVersion = 10.0.40219.1
Project("{FAE04EC0-301F-11D3-BF4B-00C04F79EFBC}") = "FunctionalVarietyTracker", "FunctionalVarietyTracker\FunctionalVarietyTracker.csproj", "{4D920A2E-503A-48C8-8C94-23EFF5006E9C}"
EndProject
Project("{C7167F0D-BC9F-4E6E-AFE1-012C56B48DB5}") = "FunctionalVarietyTracker.WPF.Packaging", "FunctionalVarietyTracker.WPF.Packaging\FunctionalVarietyTracker.WPF.Packaging.wapproj", "{59C3E4CB-0D90-4B5E-B2F1-BCDD46EF25A0}"
EndProject
Project("{9A19103F-16F7-4668-BE54-9A1E7A4F7556}") = "FunctionalVarietyTracker.WPF", "FunctionalVarietyTracker.WPF\FunctionalVarietyTracker.WPF.csproj", "{932D34B2-9310-4EE1-96EE-E2126E6DDCCC}"
EndProject
Project("{9A19103F-16F7-4668-BE54-9A1E7A4F7556}") = "FunctionalVarietyTracker.WPF.Core", "FunctionalVarietyTracker.WPF.Core\FunctionalVarietyTracker.WPF.Core.csproj", "{5D78469B-278E-477B-B375-3D79A2AE655D}"
EndProject
Global
	GlobalSection(SolutionConfigurationPlatforms) = preSolution
		Debug|Any CPU = Debug|Any CPU
		Debug|ARM = Debug|ARM
		Debug|ARM64 = Debug|ARM64
		Debug|x64 = Debug|x64
		Debug|x86 = Debug|x86
		Release|Any CPU = Release|Any CPU
		Release|ARM = Release|ARM
		Release|ARM64 = Release|ARM64
		Release|x64 = Release|x64
		Release|x86 = Release|x86
	EndGlobalSection
	GlobalSection(ProjectConfigurationPlatforms) = postSolution
		{4D920A2E-503A-48C8-8C94-23EFF5006E9C}.Debug|Any CPU.ActiveCfg = Debug|Any CPU
		{4D920A2E-503A-48C8-8C94-23EFF5006E9C}.Debug|Any CPU.Build.0 = Debug|Any CPU
		{4D920A2E-503A-48C8-8C94-23EFF5006E9C}.Debug|ARM.ActiveCfg = Debug|Any CPU
		{4D920A2E-503A-48C8-8C94-23EFF5006E9C}.Debug|ARM.Build.0 = Debug|Any CPU
		{4D920A2E-503A-48C8-8C94-23EFF5006E9C}.Debug|ARM64.ActiveCfg = Debug|Any CPU
		{4D920A2E-503A-48C8-8C94-23EFF5006E9C}.Debug|ARM64.Build.0 = Debug|Any CPU
		{4D920A2E-503A-48C8-8C94-23EFF5006E9C}.Debug|x64.ActiveCfg = Debug|Any CPU
		{4D920A2E-503A-48C8-8C94-23EFF5006E9C}.Debug|x64.Build.0 = Debug|Any CPU
		{4D920A2E-503A-48C8-8C94-23EFF5006E9C}.Debug|x86.ActiveCfg = Debug|Any CPU
		{4D920A2E-503A-48C8-8C94-23EFF5006E9C}.Debug|x86.Build.0 = Debug|Any CPU
		{4D920A2E-503A-48C8-8C94-23EFF5006E9C}.Release|Any CPU.ActiveCfg = Release|Any CPU
		{4D920A2E-503A-48C8-8C94-23EFF5006E9C}.Release|Any CPU.Build.0 = Release|Any CPU
		{4D920A2E-503A-48C8-8C94-23EFF5006E9C}.Release|ARM.ActiveCfg = Release|Any CPU
		{4D920A2E-503A-48C8-8C94-23EFF5006E9C}.Release|ARM.Build.0 = Release|Any CPU
		{4D920A2E-503A-48C8-8C94-23EFF5006E9C}.Release|ARM64.ActiveCfg = Release|Any CPU
		{4D920A2E-503A-48C8-8C94-23EFF5006E9C}.Release|ARM64.Build.0 = Release|Any CPU
		{4D920A2E-503A-48C8-8C94-23EFF5006E9C}.Release|x64.ActiveCfg = Release|Any CPU
		{4D920A2E-503A-48C8-8C94-23EFF5006E9C}.Release|x64.Build.0 = Release|Any CPU
		{4D920A2E-503A-48C8-8C94-23EFF5006E9C}.Release|x86.ActiveCfg = Release|Any CPU
		{4D920A2E-503A-48C8-8C94-23EFF5006E9C}.Release|x86.Build.0 = Release|Any CPU
		{59C3E4CB-0D90-4B5E-B2F1-BCDD46EF25A0}.Debug|Any CPU.ActiveCfg = Debug|Any CPU
		{59C3E4CB-0D90-4B5E-B2F1-BCDD46EF25A0}.Debug|Any CPU.Build.0 = Debug|Any CPU
		{59C3E4CB-0D90-4B5E-B2F1-BCDD46EF25A0}.Debug|Any CPU.Deploy.0 = Debug|Any CPU
		{59C3E4CB-0D90-4B5E-B2F1-BCDD46EF25A0}.Debug|ARM.ActiveCfg = Debug|ARM
		{59C3E4CB-0D90-4B5E-B2F1-BCDD46EF25A0}.Debug|ARM.Build.0 = Debug|ARM
		{59C3E4CB-0D90-4B5E-B2F1-BCDD46EF25A0}.Debug|ARM.Deploy.0 = Debug|ARM
		{59C3E4CB-0D90-4B5E-B2F1-BCDD46EF25A0}.Debug|ARM64.ActiveCfg = Debug|ARM64
		{59C3E4CB-0D90-4B5E-B2F1-BCDD46EF25A0}.Debug|ARM64.Build.0 = Debug|ARM64
		{59C3E4CB-0D90-4B5E-B2F1-BCDD46EF25A0}.Debug|ARM64.Deploy.0 = Debug|ARM64
		{59C3E4CB-0D90-4B5E-B2F1-BCDD46EF25A0}.Debug|x64.ActiveCfg = Debug|x64
		{59C3E4CB-0D90-4B5E-B2F1-BCDD46EF25A0}.Debug|x64.Build.0 = Debug|x64
		{59C3E4CB-0D90-4B5E-B2F1-BCDD46EF25A0}.Debug|x64.Deploy.0 = Debug|x64
		{59C3E4CB-0D90-4B5E-B2F1-BCDD46EF25A0}.Debug|x86.ActiveCfg = Debug|x86
		{59C3E4CB-0D90-4B5E-B2F1-BCDD46EF25A0}.Debug|x86.Build.0 = Debug|x86
		{59C3E4CB-0D90-4B5E-B2F1-BCDD46EF25A0}.Debug|x86.Deploy.0 = Debug|x86
		{59C3E4CB-0D90-4B5E-B2F1-BCDD46EF25A0}.Release|Any CPU.ActiveCfg = Release|Any CPU
		{59C3E4CB-0D90-4B5E-B2F1-BCDD46EF25A0}.Release|Any CPU.Build.0 = Release|Any CPU
		{59C3E4CB-0D90-4B5E-B2F1-BCDD46EF25A0}.Release|Any CPU.Deploy.0 = Release|Any CPU
		{59C3E4CB-0D90-4B5E-B2F1-BCDD46EF25A0}.Release|ARM.ActiveCfg = Release|ARM
		{59C3E4CB-0D90-4B5E-B2F1-BCDD46EF25A0}.Release|ARM.Build.0 = Release|ARM
		{59C3E4CB-0D90-4B5E-B2F1-BCDD46EF25A0}.Release|ARM.Deploy.0 = Release|ARM
		{59C3E4CB-0D90-4B5E-B2F1-BCDD46EF25A0}.Release|ARM64.ActiveCfg = Release|ARM64
		{59C3E4CB-0D90-4B5E-B2F1-BCDD46EF25A0}.Release|ARM64.Build.0 = Release|ARM64
		{59C3E4CB-0D90-4B5E-B2F1-BCDD46EF25A0}.Release|ARM64.Deploy.0 = Release|ARM64
		{59C3E4CB-0D90-4B5E-B2F1-BCDD46EF25A0}.Release|x64.ActiveCfg = Release|x64
		{59C3E4CB-0D90-4B5E-B2F1-BCDD46EF25A0}.Release|x64.Build.0 = Release|x64
		{59C3E4CB-0D90-4B5E-B2F1-BCDD46EF25A0}.Release|x64.Deploy.0 = Release|x64
		{59C3E4CB-0D90-4B5E-B2F1-BCDD46EF25A0}.Release|x86.ActiveCfg = Release|x86
		{59C3E4CB-0D90-4B5E-B2F1-BCDD46EF25A0}.Release|x86.Build.0 = Release|x86
		{59C3E4CB-0D90-4B5E-B2F1-BCDD46EF25A0}.Release|x86.Deploy.0 = Release|x86
		{932D34B2-9310-4EE1-96EE-E2126E6DDCCC}.Debug|Any CPU.ActiveCfg = Debug|Any CPU
		{932D34B2-9310-4EE1-96EE-E2126E6DDCCC}.Debug|Any CPU.Build.0 = Debug|Any CPU
		{932D34B2-9310-4EE1-96EE-E2126E6DDCCC}.Debug|ARM.ActiveCfg = Debug|Any CPU
		{932D34B2-9310-4EE1-96EE-E2126E6DDCCC}.Debug|ARM.Build.0 = Debug|Any CPU
		{932D34B2-9310-4EE1-96EE-E2126E6DDCCC}.Debug|ARM64.ActiveCfg = Debug|Any CPU
		{932D34B2-9310-4EE1-96EE-E2126E6DDCCC}.Debug|ARM64.Build.0 = Debug|Any CPU
		{932D34B2-9310-4EE1-96EE-E2126E6DDCCC}.Debug|x64.ActiveCfg = Debug|Any CPU
		{932D34B2-9310-4EE1-96EE-E2126E6DDCCC}.Debug|x64.Build.0 = Debug|Any CPU
		{932D34B2-9310-4EE1-96EE-E2126E6DDCCC}.Debug|x86.ActiveCfg = Debug|Any CPU
		{932D34B2-9310-4EE1-96EE-E2126E6DDCCC}.Debug|x86.Build.0 = Debug|Any CPU
		{932D34B2-9310-4EE1-96EE-E2126E6DDCCC}.Release|Any CPU.ActiveCfg = Release|Any CPU
		{932D34B2-9310-4EE1-96EE-E2126E6DDCCC}.Release|Any CPU.Build.0 = Release|Any CPU
		{932D34B2-9310-4EE1-96EE-E2126E6DDCCC}.Release|ARM.ActiveCfg = Release|Any CPU
		{932D34B2-9310-4EE1-96EE-E2126E6DDCCC}.Release|ARM.Build.0 = Release|Any CPU
		{932D34B2-9310-4EE1-96EE-E2126E6DDCCC}.Release|ARM64.ActiveCfg = Release|Any CPU
		{932D34B2-9310-4EE1-96EE-E2126E6DDCCC}.Release|ARM64.Build.0 = Release|Any CPU
		{932D34B2-9310-4EE1-96EE-E2126E6DDCCC}.Release|x64.ActiveCfg = Release|Any CPU
		{932D34B2-9310-4EE1-96EE-E2126E6DDCCC}.Release|x64.Build.0 = Release|Any CPU
		{932D34B2-9310-4EE1-96EE-E2126E6DDCCC}.Release|x86.ActiveCfg = Release|Any CPU
		{932D34B2-9310-4EE1-96EE-E2126E6DDCCC}.Release|x86.Build.0 = Release|Any CPU
		{5D78469B-278E-477B-B375-3D79A2AE655D}.Debug|Any CPU.ActiveCfg = Debug|Any CPU
		{5D78469B-278E-477B-B375-3D79A2AE655D}.Debug|Any CPU.Build.0 = Debug|Any CPU
		{5D78469B-278E-477B-B375-3D79A2AE655D}.Debug|ARM.ActiveCfg = Debug|Any CPU
		{5D78469B-278E-477B-B375-3D79A2AE655D}.Debug|ARM.Build.0 = Debug|Any CPU
		{5D78469B-278E-477B-B375-3D79A2AE655D}.Debug|ARM64.ActiveCfg = Debug|Any CPU
		{5D78469B-278E-477B-B375-3D79A2AE655D}.Debug|ARM64.Build.0 = Debug|Any CPU
		{5D78469B-278E-477B-B375-3D79A2AE655D}.Debug|x64.ActiveCfg = Debug|Any CPU
		{5D78469B-278E-477B-B375-3D79A2AE655D}.Debug|x64.Build.0 = Debug|Any CPU
		{5D78469B-278E-477B-B375-3D79A2AE655D}.Debug|x86.ActiveCfg = Debug|Any CPU
		{5D78469B-278E-477B-B375-3D79A2AE655D}.Debug|x86.Build.0 = Debug|Any CPU
		{5D78469B-278E-477B-B375-3D79A2AE655D}.Release|Any CPU.ActiveCfg = Release|Any CPU
		{5D78469B-278E-477B-B375-3D79A2AE655D}.Release|Any CPU.Build.0 = Release|Any CPU
		{5D78469B-278E-477B-B375-3D79A2AE655D}.Release|ARM.ActiveCfg = Release|Any CPU
		{5D78469B-278E-477B-B375-3D79A2AE655D}.Release|ARM.Build.0 = Release|Any CPU
		{5D78469B-278E-477B-B375-3D79A2AE655D}.Release|ARM64.ActiveCfg = Release|Any CPU
		{5D78469B-278E-477B-B375-3D79A2AE655D}.Release|ARM64.Build.0 = Release|Any CPU
		{5D78469B-278E-477B-B375-3D79A2AE655D}.Release|x64.ActiveCfg = Release|Any CPU
		{5D78469B-278E-477B-B375-3D79A2AE655D}.Release|x64.Build.0 = Release|Any CPU
		{5D78469B-278E-477B-B375-3D79A2AE655D}.Release|x86.ActiveCfg = Release|Any CPU
		{5D78469B-278E-477B-B375-3D79A2AE655D}.Release|x86.Build.0 = Release|Any CPU
	EndGlobalSection
	GlobalSection(SolutionProperties) = preSolution
		HideSolutionNode = FALSE
	EndGlobalSection
	GlobalSection(ExtensibilityGlobals) = postSolution
		SolutionGuid = {00C22F57-DBD4-43F6-BEB5-2ECE7E6EDEDD}
	EndGlobalSection
EndGlobal
